
Microsoft Visual Studio Solution File, Format Version 12.00
# Visual Studio Version 17
VisualStudioVersion = 17.11.35327.3
MinimumVisualStudioVersion = 10.0.40219.1
Project("{2150E333-8FDC-42A3-9474-1A3956D46DE8}") = "src", "src", "{69937420-0686-41B0-9235-B5A1CFB86E70}"
EndProject
Project("{FAE04EC0-301F-11D3-BF4B-00C04F79EFBC}") = "Smart Label.Domain", "Smart Label.Domain\Smart Label.Domain.csproj", "{E7D0BE0A-9EBA-44D4-A0EB-9DCF8B901C1D}"
EndProject
Project("{FAE04EC0-301F-11D3-BF4B-00C04F79EFBC}") = "Smart Label.Application", "Smart Label.Application\Smart Label.Application.csproj", "{538145D8-EA11-41C9-AC64-765496193D93}"
EndProject
Project("{FAE04EC0-301F-11D3-BF4B-00C04F79EFBC}") = "Smart Label.Infrastructure", "Smart Label.Infrastructure\Smart Label.Infrastructure.csproj", "{C51AE9C9-9C72-4884-A54C-EDF8DE802FC3}"
EndProject
Project("{FAE04EC0-301F-11D3-BF4B-00C04F79EFBC}") = "Smart Label.Presentation", "Smart Label.Presentation\Smart Label.Presentation.csproj", "{CC914D41-F278-4952-A054-EBE5408B06DC}"
EndProject
Global
	GlobalSection(SolutionConfigurationPlatforms) = preSolution
		Debug|Any CPU = Debug|Any CPU
		Release|Any CPU = Release|Any CPU
	EndGlobalSection
	GlobalSection(ProjectConfigurationPlatforms) = postSolution
		{E7D0BE0A-9EBA-44D4-A0EB-9DCF8B901C1D}.Debug|Any CPU.ActiveCfg = Debug|Any CPU
		{E7D0BE0A-9EBA-44D4-A0EB-9DCF8B901C1D}.Debug|Any CPU.Build.0 = Debug|Any CPU
		{E7D0BE0A-9EBA-44D4-A0EB-9DCF8B901C1D}.Release|Any CPU.ActiveCfg = Release|Any CPU
		{E7D0BE0A-9EBA-44D4-A0EB-9DCF8B901C1D}.Release|Any CPU.Build.0 = Release|Any CPU
		{538145D8-EA11-41C9-AC64-765496193D93}.Debug|Any CPU.ActiveCfg = Debug|Any CPU
		{538145D8-EA11-41C9-AC64-765496193D93}.Debug|Any CPU.Build.0 = Debug|Any CPU
		{538145D8-EA11-41C9-AC64-765496193D93}.Release|Any CPU.ActiveCfg = Release|Any CPU
		{538145D8-EA11-41C9-AC64-765496193D93}.Release|Any CPU.Build.0 = Release|Any CPU
		{C51AE9C9-9C72-4884-A54C-EDF8DE802FC3}.Debug|Any CPU.ActiveCfg = Debug|Any CPU
		{C51AE9C9-9C72-4884-A54C-EDF8DE802FC3}.Debug|Any CPU.Build.0 = Debug|Any CPU
		{C51AE9C9-9C72-4884-A54C-EDF8DE802FC3}.Release|Any CPU.ActiveCfg = Release|Any CPU
		{C51AE9C9-9C72-4884-A54C-EDF8DE802FC3}.Release|Any CPU.Build.0 = Release|Any CPU
		{CC914D41-F278-4952-A054-EBE5408B06DC}.Debug|Any CPU.ActiveCfg = Debug|Any CPU
		{CC914D41-F278-4952-A054-EBE5408B06DC}.Debug|Any CPU.Build.0 = Debug|Any CPU
		{CC914D41-F278-4952-A054-EBE5408B06DC}.Release|Any CPU.ActiveCfg = Release|Any CPU
		{CC914D41-F278-4952-A054-EBE5408B06DC}.Release|Any CPU.Build.0 = Release|Any CPU
	EndGlobalSection
	GlobalSection(SolutionProperties) = preSolution
		HideSolutionNode = FALSE
	EndGlobalSection
	GlobalSection(NestedProjects) = preSolution
		{E7D0BE0A-9EBA-44D4-A0EB-9DCF8B901C1D} = {69937420-0686-41B0-9235-B5A1CFB86E70}
		{538145D8-EA11-41C9-AC64-765496193D93} = {69937420-0686-41B0-9235-B5A1CFB86E70}
		{C51AE9C9-9C72-4884-A54C-EDF8DE802FC3} = {69937420-0686-41B0-9235-B5A1CFB86E70}
		{CC914D41-F278-4952-A054-EBE5408B06DC} = {69937420-0686-41B0-9235-B5A1CFB86E70}
	EndGlobalSection
	GlobalSection(ExtensibilityGlobals) = postSolution
		SolutionGuid = {2BC9BEBA-50DC-4935-B3E9-2AFE4DE5E0EC}
	EndGlobalSection
EndGlobal
